
Microsoft Visual Studio Solution File, Format Version 12.00
# Visual Studio Version 17
VisualStudioVersion = 17.11.35222.181
MinimumVisualStudioVersion = 10.0.40219.1
Project("{FAE04EC0-301F-11D3-BF4B-00C04F79EFBC}") = "Apbd19-cw01-app", "Apbd19-cw01-app\Apbd19-cw01-app.csproj", "{4C07A8A9-190A-4D74-8255-52E582643695}"
EndProject
Global
	GlobalSection(SolutionConfigurationPlatforms) = preSolution
		Debug|Any CPU = Debug|Any CPU
		Release|Any CPU = Release|Any CPU
	EndGlobalSection
	GlobalSection(ProjectConfigurationPlatforms) = postSolution
		{4C07A8A9-190A-4D74-8255-52E582643695}.Debug|Any CPU.ActiveCfg = Debug|Any CPU
		{4C07A8A9-190A-4D74-8255-52E582643695}.Debug|Any CPU.Build.0 = Debug|Any CPU
		{4C07A8A9-190A-4D74-8255-52E582643695}.Release|Any CPU.ActiveCfg = Release|Any CPU
		{4C07A8A9-190A-4D74-8255-52E582643695}.Release|Any CPU.Build.0 = Release|Any CPU
	EndGlobalSection
	GlobalSection(SolutionProperties) = preSolution
		HideSolutionNode = FALSE
	EndGlobalSection
	GlobalSection(ExtensibilityGlobals) = postSolution
		SolutionGuid = {D1B38D53-F007-4B85-9305-177EBD3A7263}
	EndGlobalSection
EndGlobal
